<?xml version="1.0" encoding="utf-8"?>
<Project ToolsVersion="4.0" xmlns="http://schemas.microsoft.com/developer/msbuild/2003">
  <ItemGroup>
    <ClCompile Include="CodeExectuion.cpp">
      <Filter>Исходные файлы</Filter>
    </ClCompile>
    <ClCompile Include="CodeGeneration.cpp">
      <Filter>Исходные файлы</Filter>
    </ClCompile>
    <ClCompile Include="Error.cpp">
      <Filter>Исходные файлы</Filter>
    </ClCompile>
    <ClCompile Include="FST.cpp">
      <Filter>Исходные файлы</Filter>
    </ClCompile>
    <ClCompile Include="GRB.cpp">
      <Filter>Исходные файлы</Filter>
    </ClCompile>
    <ClCompile Include="In.cpp">
      <Filter>Исходные файлы</Filter>
    </ClCompile>
    <ClCompile Include="IT.cpp">
      <Filter>Исходные файлы</Filter>
    </ClCompile>
    <ClCompile Include="KNP-2024.cpp">
      <Filter>Исходные файлы</Filter>
    </ClCompile>
    <ClCompile Include="Log.cpp">
      <Filter>Исходные файлы</Filter>
    </ClCompile>
    <ClCompile Include="LT.cpp">
      <Filter>Исходные файлы</Filter>
    </ClCompile>
    <ClCompile Include="MFST.cpp">
      <Filter>Исходные файлы</Filter>
    </ClCompile>
    <ClCompile Include="Out.cpp">
      <Filter>Исходные файлы</Filter>
    </ClCompile>
    <ClCompile Include="Parm.cpp">
      <Filter>Исходные файлы</Filter>
    </ClCompile>
    <ClCompile Include="PolishNotation.cpp">
      <Filter>Исходные файлы</Filter>
    </ClCompile>
    <ClCompile Include="Semantic.cpp">
      <Filter>Исходные файлы</Filter>
    </ClCompile>
  </ItemGroup>
  <ItemGroup>
    <ClInclude Include="CodeExectution.h">
      <Filter>Файлы заголовков</Filter>
    </ClInclude>
    <ClInclude Include="CodeGeneration.h">
      <Filter>Файлы заголовков</Filter>
    </ClInclude>
    <ClInclude Include="Error.h">
      <Filter>Файлы заголовков</Filter>
    </ClInclude>
    <ClInclude Include="FST.h">
      <Filter>Файлы заголовков</Filter>
    </ClInclude>
    <ClInclude Include="GRB.h">
      <Filter>Файлы заголовков</Filter>
    </ClInclude>
    <ClInclude Include="In.h">
      <Filter>Файлы заголовков</Filter>
    </ClInclude>
    <ClInclude Include="IT.h">
      <Filter>Файлы заголовков</Filter>
    </ClInclude>
    <ClInclude Include="LEX.h">
      <Filter>Файлы заголовков</Filter>
    </ClInclude>
    <ClInclude Include="Log.h">
      <Filter>Файлы заголовков</Filter>
    </ClInclude>
    <ClInclude Include="LT.h">
      <Filter>Файлы заголовков</Filter>
    </ClInclude>
    <ClInclude Include="MFST.h">
      <Filter>Файлы заголовков</Filter>
    </ClInclude>
    <ClInclude Include="Out.h">
      <Filter>Файлы заголовков</Filter>
    </ClInclude>
    <ClInclude Include="Parm.h">
      <Filter>Файлы заголовков</Filter>
    </ClInclude>
    <ClInclude Include="PolishNotation.h">
      <Filter>Файлы заголовков</Filter>
    </ClInclude>
    <ClInclude Include="Semantic.h">
      <Filter>Файлы заголовков</Filter>
    </ClInclude>
  </ItemGroup>
  <ItemGroup>
    <Text Include="in.txt">
      <Filter>Файлы ресурсов</Filter>
    </Text>
    <Text Include="in.txt.log">
      <Filter>Файлы ресурсов</Filter>
    </Text>
    <Text Include="log.txt">
      <Filter>Файлы ресурсов</Filter>
    </Text>
    <Text Include="Разбор ошибок.txt">
      <Filter>Файлы ресурсов</Filter>
    </Text>
    <Text Include="in2.txt">
      <Filter>Файлы ресурсов</Filter>
    </Text>
  </ItemGroup>
  <ItemGroup>
    <Filter Include="Исходные файлы">
      <UniqueIdentifier>{161cf215-b0ec-4dbc-85b1-9e747ebe0675}</UniqueIdentifier>
    </Filter>
    <Filter Include="Файлы заголовков">
      <UniqueIdentifier>{d212a2b9-7cd0-4d80-8408-7bacd0f96731}</UniqueIdentifier>
    </Filter>
    <Filter Include="Файлы ресурсов">
      <UniqueIdentifier>{474f6c02-2653-4877-99d8-c4bf7ae05b10}</UniqueIdentifier>
    </Filter>
  </ItemGroup>
  <ItemGroup>
    <None Include="KNP-2024ASM.asm">
      <Filter>Файлы ресурсов</Filter>
    </None>
  </ItemGroup>
</Project>